
Microsoft Visual Studio Solution File, Format Version 12.00
# Visual Studio Version 17
VisualStudioVersion = 17.11.35327.3
MinimumVisualStudioVersion = 10.0.40219.1
Project("{9A19103F-16F7-4668-BE54-9A1E7A4F7556}") = "QuadraticEquation", "QuadraticEquation\QuadraticEquation.csproj", "{EDE59301-7727-4E70-99B0-7229737611DE}"
EndProject
Project("{9A19103F-16F7-4668-BE54-9A1E7A4F7556}") = "PointsAverage", "PointsAverage\PointsAverage.csproj", "{4B1A4643-F6EB-4DB9-8EB6-6C3BCD9A0FFD}"
EndProject
Project("{FAE04EC0-301F-11D3-BF4B-00C04F79EFBC}") = "SwitchValues", "SwitchValues\SwitchValues.csproj", "{60064286-B27D-400D-9DB3-92C8B7714D9E}"
EndProject
Project("{FAE04EC0-301F-11D3-BF4B-00C04F79EFBC}") = "While", "While\While.csproj", "{0760803E-93C1-47AA-9979-DD96952E3026}"
EndProject
Global
	GlobalSection(SolutionConfigurationPlatforms) = preSolution
		Debug|Any CPU = Debug|Any CPU
		Release|Any CPU = Release|Any CPU
	EndGlobalSection
	GlobalSection(ProjectConfigurationPlatforms) = postSolution
		{EDE59301-7727-4E70-99B0-7229737611DE}.Debug|Any CPU.ActiveCfg = Debug|Any CPU
		{EDE59301-7727-4E70-99B0-7229737611DE}.Debug|Any CPU.Build.0 = Debug|Any CPU
		{EDE59301-7727-4E70-99B0-7229737611DE}.Release|Any CPU.ActiveCfg = Release|Any CPU
		{EDE59301-7727-4E70-99B0-7229737611DE}.Release|Any CPU.Build.0 = Release|Any CPU
		{4B1A4643-F6EB-4DB9-8EB6-6C3BCD9A0FFD}.Debug|Any CPU.ActiveCfg = Debug|Any CPU
		{4B1A4643-F6EB-4DB9-8EB6-6C3BCD9A0FFD}.Debug|Any CPU.Build.0 = Debug|Any CPU
		{4B1A4643-F6EB-4DB9-8EB6-6C3BCD9A0FFD}.Release|Any CPU.ActiveCfg = Release|Any CPU
		{4B1A4643-F6EB-4DB9-8EB6-6C3BCD9A0FFD}.Release|Any CPU.Build.0 = Release|Any CPU
		{60064286-B27D-400D-9DB3-92C8B7714D9E}.Debug|Any CPU.ActiveCfg = Debug|Any CPU
		{60064286-B27D-400D-9DB3-92C8B7714D9E}.Debug|Any CPU.Build.0 = Debug|Any CPU
		{60064286-B27D-400D-9DB3-92C8B7714D9E}.Release|Any CPU.ActiveCfg = Release|Any CPU
		{60064286-B27D-400D-9DB3-92C8B7714D9E}.Release|Any CPU.Build.0 = Release|Any CPU
		{0760803E-93C1-47AA-9979-DD96952E3026}.Debug|Any CPU.ActiveCfg = Debug|Any CPU
		{0760803E-93C1-47AA-9979-DD96952E3026}.Debug|Any CPU.Build.0 = Debug|Any CPU
		{0760803E-93C1-47AA-9979-DD96952E3026}.Release|Any CPU.ActiveCfg = Release|Any CPU
		{0760803E-93C1-47AA-9979-DD96952E3026}.Release|Any CPU.Build.0 = Release|Any CPU
	EndGlobalSection
	GlobalSection(SolutionProperties) = preSolution
		HideSolutionNode = FALSE
	EndGlobalSection
	GlobalSection(ExtensibilityGlobals) = postSolution
		SolutionGuid = {4644D704-9D47-428C-B486-06C2502DCC78}
	EndGlobalSection
EndGlobal
